{
  "version": 4,
  "terraform_version": "1.14.6",
  "serial": 28,
  "lineage": "cc63d47e-012a-61f9-0083-1a94fe43ec6a",
  "outputs": {
    "dynamodb_table_name": {
      "value": "iot-sensor-project-sensor-data",
      "type": "string"
    },
    "lambda_ingest_name": {
      "value": "iot-sensor-project-ingest-sensor-data",
      "type": "string"
    },
    "lambda_publish_name": {
      "value": "iot-sensor-project-publish-to-s3",
      "type": "string"
    },
    "s3_website_url": {
      "value": "http://iot-sensor-project-web-dashboard-0510179f.s3-website-us-east-1.amazonaws.com",
      "type": "string"
    },
    "vpc_id": {
      "value": "vpc-0f3ec255af3eb6a65",
      "type": "string"
    },
    "vpn_connection_id": {
      "value": "vpn-021425dec599bae99",
      "type": "string"
    },
    "vpn_tunnel1_address": {
      "value": "52.73.195.98",
      "type": "string"
    },
    "vpn_tunnel2_address": {
      "value": "98.91.101.18",
      "type": "string"
    }
  },
  "resources": [
    {
      "mode": "data",
      "type": "archive_file",
      "name": "lambda_ingest_zip",
      "provider": "provider[\"registry.terraform.io/hashicorp/archive\"]",
      "instances": [
        {
          "schema_version": 0,
          "attributes": {
            "exclude_symlink_directories": null,
            "excludes": null,
            "id": "c057afae54810cedeb2577b9b9b404d89be614fe",
            "output_base64sha256": "G2AxOiIsmxpLV7rjLKSCfVNSEOLEgE+W9mu7jwq7o2o=",
            "output_base64sha512": "COyjOJcPQWtxXHGg3J8p9M32y0dJylZWUcDpa6HnPjxL5nqY61zus7ghbp1Otbaxjza5UoDDAZ96txSwW4WzOw==",
            "output_file_mode": null,
            "output_md5": "5c2e4ee7510ebf95ad32662f135e71ef",
            "output_path": "/tmp/lambda_ingest.zip",
            "output_sha": "c057afae54810cedeb2577b9b9b404d89be614fe",
            "output_sha256": "1b60313a222c9b1a4b57bae32ca4827d535210e2c4804f96f66bbb8f0abba36a",
            "output_sha512": "08eca338970f416b715c71a0dc9f29f4cdf6cb4749ca565651c0e96ba1e73e3c4be67a98eb5ceeb3b8216e9d4eb5b6b18f36b95280c3019f7ab714b05b85b33b",
            "output_size": 880,
            "source": [
              {
                "content": "import json\nimport boto3\nimport os\nfrom datetime import datetime, timezone\nimport uuid\n\ndynamodb = boto3.resource('dynamodb')\nTABLE_NAME = os.environ['DYNAMODB_TABLE']\n\ndef handler(event, context):\n    \"\"\"\n    Recibe datos de sensores enviados por la EC2 y los almacena en DynamoDB.\n    Payload esperado:\n    {\n        \"sensor_id\": \"sensor_001\",\n        \"temperature\": 23.5,\n        \"humidity\": 60.2,\n        \"pressure\": 1013.25,\n        \"location\": \"sala_principal\"\n    }\n    \"\"\"\n    try:\n        table = dynamodb.Table(TABLE_NAME)\n\n        # Soporta invocación directa y via API Gateway\n        if isinstance(event.get('body'), str):\n            body = json.loads(event['body'])\n        elif isinstance(event.get('body'), dict):\n            body = event['body']\n        else:\n            body = event\n\n        timestamp = datetime.now(timezone.utc).isoformat()\n        item = {\n            'sensor_id':   body.get('sensor_id', f'sensor_{uuid.uuid4().hex[:8]}'),\n            'timestamp':   timestamp,\n            'temperature': str(body.get('temperature', 0)),\n            'humidity':    str(body.get('humidity', 0)),\n            'pressure':    str(body.get('pressure', 0)),\n            'location':    body.get('location', 'unknown'),\n            'raw_data':    json.dumps(body),\n        }\n\n        table.put_item(Item=item)\n        print(f\"Datos guardados: {item}\")\n\n        return {\n            'statusCode': 200,\n            'headers': {'Content-Type': 'application/json'},\n            'body': json.dumps({'message': 'Datos guardados correctamente', 'timestamp': timestamp})\n        }\n\n    except Exception as e:\n        print(f\"Error: {str(e)}\")\n        return {\n            'statusCode': 500,\n            'body': json.dumps({'error': str(e)})\n        }\n",
                "filename": "handler.py"
              }
            ],
            "source_content": null,
            "source_content_filename": null,
            "source_dir": null,
            "source_file": null,
            "type": "zip"
          },
          "sensitive_attributes": [],
          "identity_schema_version": 0
        }
      ]
    },
    {
      "mode": "data",
      "type": "archive_file",
      "name": "lambda_publish_zip",
      "provider": "provider[\"registry.terraform.io/hashicorp/archive\"]",
      "instances": [
        {
          "schema_version": 0,
          "attributes": {
            "exclude_symlink_directories": null,
            "excludes": null,
            "id": "1714492ba8140eafe36d3acff852086071358503",
            "output_base64sha256": "8B/LX9mUauu6wq3/GoUI/MC9F5zCkuSnbkcNXdL/oIA=",
            "output_base64sha512": "ZqW77ytpVpH6lIOtGCrDShkkgtwLo3xbDGiXRvR2Gq3TPTXTJUEbNdhEAfjf0yCZRD9ue59D/vc96PAfJAIBZQ==",
            "output_file_mode": null,
            "output_md5": "45eb233da0d062a28339cb569f2dba40",
            "output_path": "/tmp/lambda_publish.zip",
            "output_sha": "1714492ba8140eafe36d3acff852086071358503",
            "output_sha256": "f01fcb5fd9946aebbac2adff1a8508fcc0bd179cc292e4a76e470d5dd2ffa080",
            "output_sha512": "66a5bbef2b695691fa9483ad182ac34a192482dc0ba37c5b0c689746f4761aadd33d35d325411b35d84401f8dfd32099443f6e7b9f43fef73de8f01f24020165",
            "output_size": 1098,
            "source": [
              {
                "content": "import json\nimport boto3\nimport os\nfrom datetime import datetime, timezone\nfrom decimal import Decimal\n\ndynamodb = boto3.resource('dynamodb')\ns3 = boto3.client('s3')\n\nTABLE_NAME  = os.environ['DYNAMODB_TABLE']\nBUCKET_NAME = os.environ['S3_BUCKET']\n\nclass DecimalEncoder(json.JSONEncoder):\n    def default(self, obj):\n        if isinstance(obj, Decimal):\n            return float(obj)\n        return super().default(obj)\n\ndef handler(event, context):\n    \"\"\"\n    Lee los últimos datos de DynamoDB y actualiza el archivo data.json\n    en el bucket S3 para que el dashboard web los consuma.\n    Se puede disparar por: API Gateway GET /sensor-data, EventBridge (cron), o DynamoDB Streams.\n    \"\"\"\n    try:\n        table = dynamodb.Table(TABLE_NAME)\n\n        # Obtener los últimos 100 registros\n        response = table.scan(Limit=100)\n        items = response.get('Items', [])\n\n        # Ordenar por timestamp descendente\n        items.sort(key=lambda x: x.get('timestamp', ''), reverse=True)\n\n        # Preparar payload para el dashboard\n        dashboard_data = {\n            'last_updated': datetime.now(timezone.utc).isoformat(),\n            'total_records': len(items),\n            'Items': items\n        }\n\n        json_content = json.dumps(dashboard_data, cls=DecimalEncoder, ensure_ascii=False, indent=2)\n\n        # Subir data.json al bucket S3\n        s3.put_object(\n            Bucket=BUCKET_NAME,\n            Key='data.json',\n            Body=json_content.encode('utf-8'),\n            ContentType='application/json',\n            CacheControl='no-cache, no-store, must-revalidate'\n        )\n\n        print(f\"data.json actualizado con {len(items)} registros en s3://{BUCKET_NAME}/data.json\")\n\n        return {\n            'statusCode': 200,\n            'headers': {\n                'Content-Type': 'application/json',\n                'Access-Control-Allow-Origin': '*'\n            },\n            'body': json.dumps(dashboard_data, cls=DecimalEncoder)\n        }\n\n    except Exception as e:\n        print(f\"Error: {str(e)}\")\n        return {\n            'statusCode': 500,\n            'body': json.dumps({'error': str(e)})\n        }\n",
                "filename": "handler.py"
              }
            ],
            "source_content": null,
            "source_content_filename": null,
            "source_dir": null,
            "source_file": null,
            "type": "zip"
          },
          "sensitive_attributes": [],
          "identity_schema_version": 0
        }
      ]
    },
    {
      "mode": "data",
      "type": "aws_ami",
      "name": "amazon_linux",
      "provider": "provider[\"registry.terraform.io/hashicorp/aws\"]",
      "instances": [
        {
          "schema_version": 0,
          "attributes": {
            "architecture": "x86_64",
            "arn": "arn:aws:ec2:us-east-1::image/ami-0ee72650e64503637",
            "block_device_mappings": [
              {
                "device_name": "/dev/xvda",
                "ebs": {
                  "delete_on_termination": "true",
                  "encrypted": "false",
                  "iops": "3000",
                  "snapshot_id": "snap-00d127d9cd9ef097b",
                  "throughput": "125",
                  "volume_initialization_rate": "0",
                  "volume_size": "2",
                  "volume_type": "gp3"
                },
                "no_device": "",
                "virtual_name": ""
              }
            ],
            "boot_mode": "uefi-preferred",
            "creation_date": "2026-03-03T18:11:54.000Z",
            "deprecation_time": "2026-06-01T23:47:00.000Z",
            "description": "Amazon Linux 2023 AMI 2023.10.20260302.1 x86_64 Minimal HVM kernel-6.18",
            "ena_support": true,
            "executable_users": null,
            "filter": [
              {
                "name": "name",
                "values": [
                  "al2023-ami-*-x86_64"
                ]
              },
              {
                "name": "virtualization-type",
                "values": [
                  "hvm"
                ]
              }
            ],
            "hypervisor": "xen",
            "id": "ami-0ee72650e64503637",
            "image_id": "ami-0ee72650e64503637",
            "image_location": "amazon/al2023-ami-minimal-2023.10.20260302.1-kernel-6.18-x86_64",
            "image_owner_alias": "amazon",
            "image_type": "machine",
            "imds_support": "v2.0",
            "include_deprecated": false,
            "kernel_id": "",
            "last_launched_time": "",
            "most_recent": true,
            "name": "al2023-ami-minimal-2023.10.20260302.1-kernel-6.18-x86_64",
            "name_regex": null,
            "owner_id": "137112412989",
            "owners": [
              "amazon"
            ],
            "platform": "",
            "platform_details": "Linux/UNIX",
            "product_codes": [],
            "public": true,
            "ramdisk_id": "",
            "root_device_name": "/dev/xvda",
            "root_device_type": "ebs",
            "root_snapshot_id": "snap-00d127d9cd9ef097b",
            "sriov_net_support": "simple",
            "state": "available",
            "state_reason": {
              "code": "UNSET",
              "message": "UNSET"
            },
            "tags": {},
            "timeouts": null,
            "tpm_support": "",
            "uefi_data": null,
            "usage_operation": "RunInstances",
            "virtualization_type": "hvm"
          },
          "sensitive_attributes": [],
          "identity_schema_version": 0
        }
      ]
    },
    {
      "mode": "managed",
      "type": "aws_api_gateway_method",
      "name": "get_sensor_data",
      "provider": "provider[\"registry.terraform.io/hashicorp/aws\"]",
      "instances": [
        {
          "schema_version": 0,
          "attributes": {
            "api_key_required": false,
            "authorization": "NONE",
            "authorization_scopes": null,
            "authorizer_id": null,
            "http_method": "GET",
            "id": "agm-6dlr495xob-39qp27-GET",
            "operation_name": null,
            "request_models": null,
            "request_parameters": null,
            "request_validator_id": null,
            "resource_id": "39qp27",
            "rest_api_id": "6dlr495xob"
          },
          "sensitive_attributes": [],
          "identity_schema_version": 0,
          "private": "bnVsbA==",
          "dependencies": [
            "aws_api_gateway_resource.sensor_data",
            "aws_api_gateway_rest_api.sensor_api"
          ],
          "create_before_destroy": true
        }
      ]
    },
    {
      "mode": "managed",
      "type": "aws_api_gateway_method",
      "name": "post_sensor_data",
      "provider": "provider[\"registry.terraform.io/hashicorp/aws\"]",
      "instances": [
        {
          "schema_version": 0,
          "attributes": {
            "api_key_required": false,
            "authorization": "NONE",
            "authorization_scopes": null,
            "authorizer_id": null,
            "http_method": "POST",
            "id": "agm-6dlr495xob-39qp27-POST",
            "operation_name": null,
            "request_models": null,
            "request_parameters": null,
            "request_validator_id": null,
            "resource_id": "39qp27",
            "rest_api_id": "6dlr495xob"
          },
          "sensitive_attributes": [],
          "identity_schema_version": 0,
          "private": "bnVsbA==",
          "dependencies": [
            "aws_api_gateway_resource.sensor_data",
            "aws_api_gateway_rest_api.sensor_api"
          ],
          "create_before_destroy": true
        }
      ]
    },
    {
      "mode": "managed",
      "type": "aws_api_gateway_resource",
      "name": "sensor_data",
      "provider": "provider[\"registry.terraform.io/hashicorp/aws\"]",
      "instances": [
        {
          "schema_version": 0,
          "attributes": {
            "id": "39qp27",
            "parent_id": "5zqqjn4qyf",
            "path": "/sensor-data",
            "path_part": "sensor-data",
            "rest_api_id": "6dlr495xob"
          },
          "sensitive_attributes": [],
          "identity_schema_version": 0,
          "private": "bnVsbA==",
          "dependencies": [
            "aws_api_gateway_rest_api.sensor_api"
          ],
          "create_before_destroy": true
        }
      ]
    },
    {
      "mode": "managed",
      "type": "aws_api_gateway_rest_api",
      "name": "sensor_api",
      "provider": "provider[\"registry.terraform.io/hashicorp/aws\"]",
      "instances": [
        {
          "schema_version": 0,
          "attributes": {
            "api_key_source": "HEADER",
            "arn": "arn:aws:apigateway:us-east-1::/restapis/6dlr495xob",
            "binary_media_types": [],
            "body": null,
            "created_date": "2026-03-09T01:53:44Z",
            "description": "API para recibir datos de sensores (EC2→Lambda) y servir dashboard (Lambda→S3)",
            "disable_execute_api_endpoint": false,
            "endpoint_configuration": [
              {
                "ip_address_type": "ipv4",
                "types": [
                  "REGIONAL"
                ],
                "vpc_endpoint_ids": []
              }
            ],
            "execution_arn": "arn:aws:execute-api:us-east-1:471112951024:6dlr495xob",
            "fail_on_warnings": null,
            "id": "6dlr495xob",
            "minimum_compression_size": "",
            "name": "iot-sensor-project-api",
            "parameters": null,
            "policy": "",
            "put_rest_api_mode": null,
            "root_resource_id": "5zqqjn4qyf",
            "tags": {
              "Project": "iot-sensor-project"
            },
            "tags_all": {
              "Project": "iot-sensor-project"
            }
          },
          "sensitive_attributes": [],
          "identity_schema_version": 0,
          "private": "bnVsbA==",
          "create_before_destroy": true
        }
      ]
    },
    {
      "mode": "managed",
      "type": "aws_cloudwatch_event_rule",
      "name": "publish_schedule",
      "provider": "provider[\"registry.terraform.io/hashicorp/aws\"]",
      "instances": [
        {
          "schema_version": 1,
          "attributes": {
            "arn": "arn:aws:events:us-east-1:471112951024:rule/iot-sensor-project-publish-schedule",
            "description": "Actualizar dashboard S3 cada minuto",
            "event_bus_name": "default",
            "event_pattern": null,
            "force_destroy": false,
            "id": "iot-sensor-project-publish-schedule",
            "is_enabled": true,
            "name": "iot-sensor-project-publish-schedule",
            "name_prefix": "",
            "role_arn": "",
            "schedule_expression": "rate(1 minute)",
            "state": "ENABLED",
            "tags": {
              "Project": "iot-sensor-project"
            },
            "tags_all": {
              "Project": "iot-sensor-project"
            }
          },
          "sensitive_attributes": [],
          "identity_schema_version": 0,
          "private": "eyJzY2hlbWFfdmVyc2lvbiI6IjEifQ=="
        }
      ]
    },
    {
      "mode": "managed",
      "type": "aws_customer_gateway",
      "name": "raspberry_pi",
      "provider": "provider[\"registry.terraform.io/hashicorp/aws\"]",
      "instances": [
        {
          "schema_version": 0,
          "attributes": {
            "arn": "arn:aws:ec2:us-east-1:471112951024:customer-gateway/cgw-0ad8bd613f973c623",
            "bgp_asn": "65000",
            "bgp_asn_extended": "",
            "certificate_arn": "",
            "device_name": "",
            "id": "cgw-0ad8bd613f973c623",
            "ip_address": "86.127.230.196",
            "tags": {
              "Name": "iot-sensor-project-raspberry-cgw",
              "Project": "iot-sensor-project"
            },
            "tags_all": {
              "Name": "iot-sensor-project-raspberry-cgw",
              "Project": "iot-sensor-project"
            },
            "type": "ipsec.1"
          },
          "sensitive_attributes": [],
          "identity_schema_version": 0,
          "private": "bnVsbA=="
        }
      ]
    },
    {
      "mode": "managed",
      "type": "aws_dynamodb_table",
      "name": "sensor_data",
      "provider": "provider[\"registry.terraform.io/hashicorp/aws\"]",
      "instances": [
        {
          "schema_version": 1,
          "attributes": {
            "arn": "arn:aws:dynamodb:us-east-1:471112951024:table/iot-sensor-project-sensor-data",
            "attribute": [
              {
                "name": "sensor_id",
                "type": "S"
              },
              {
                "name": "timestamp",
                "type": "S"
              }
            ],
            "billing_mode": "PAY_PER_REQUEST",
            "deletion_protection_enabled": false,
            "global_secondary_index": [],
            "hash_key": "sensor_id",
            "id": "iot-sensor-project-sensor-data",
            "import_table": [],
            "local_secondary_index": [],
            "name": "iot-sensor-project-sensor-data",
            "on_demand_throughput": [],
            "point_in_time_recovery": [
              {
                "enabled": false,
                "recovery_period_in_days": 0
              }
            ],
            "range_key": "timestamp",
            "read_capacity": 0,
            "replica": [],
            "restore_date_time": null,
            "restore_source_name": null,
            "restore_source_table_arn": null,
            "restore_to_latest_time": null,
            "server_side_encryption": [],
            "stream_arn": "",
            "stream_enabled": false,
            "stream_label": "",
            "stream_view_type": "",
            "table_class": "STANDARD",
            "tags": {
              "Name": "iot-sensor-project-sensor-data",
              "Project": "iot-sensor-project"
            },
            "tags_all": {
              "Name": "iot-sensor-project-sensor-data",
              "Project": "iot-sensor-project"
            },
            "timeouts": null,
            "ttl": [
              {
                "attribute_name": "ttl",
                "enabled": true
              }
            ],
            "write_capacity": 0
          },
          "sensitive_attributes": [],
          "identity_schema_version": 0,
          "private": "eyJlMmJmYjczMC1lY2FhLTExZTYtOGY4OC0zNDM2M2JjN2M0YzAiOnsiY3JlYXRlIjoxODAwMDAwMDAwMDAwLCJkZWxldGUiOjYwMDAwMDAwMDAwMCwidXBkYXRlIjozNjAwMDAwMDAwMDAwfSwic2NoZW1hX3ZlcnNpb24iOiIxIn0=",
          "create_before_destroy": true
        }
      ]
    },
    {
      "mode": "managed",
      "type": "aws_internet_gateway",
      "name": "igw",
      "provider": "provider[\"registry.terraform.io/hashicorp/aws\"]",
      "instances": [
        {
          "schema_version": 0,
          "attributes": {
            "arn": "arn:aws:ec2:us-east-1:471112951024:internet-gateway/igw-0ba9911cf4b504d14",
            "id": "igw-0ba9911cf4b504d14",
            "owner_id": "471112951024",
            "tags": {
              "Name": "iot-sensor-project-igw",
              "Project": "iot-sensor-project"
            },
            "tags_all": {
              "Name": "iot-sensor-project-igw",
              "Project": "iot-sensor-project"
            },
            "timeouts": null,
            "vpc_id": "vpc-0f3ec255af3eb6a65"
          },
          "sensitive_attributes": [],
          "identity_schema_version": 0,
          "private": "eyJlMmJmYjczMC1lY2FhLTExZTYtOGY4OC0zNDM2M2JjN2M0YzAiOnsiY3JlYXRlIjoxMjAwMDAwMDAwMDAwLCJkZWxldGUiOjEyMDAwMDAwMDAwMDAsInVwZGF0ZSI6MTIwMDAwMDAwMDAwMH19",
          "dependencies": [
            "aws_vpc.main"
          ]
        }
      ]
    },
    {
      "mode": "managed",
      "type": "aws_route_table",
      "name": "public",
      "provider": "provider[\"registry.terraform.io/hashicorp/aws\"]",
      "instances": [
        {
          "schema_version": 0,
          "attributes": {
            "arn": "arn:aws:ec2:us-east-1:471112951024:route-table/rtb-0b9f7ae276124ad33",
            "id": "rtb-0b9f7ae276124ad33",
            "owner_id": "471112951024",
            "propagating_vgws": [],
            "route": [
              {
                "carrier_gateway_id": "",
                "cidr_block": "0.0.0.0/0",
                "core_network_arn": "",
                "destination_prefix_list_id": "",
                "egress_only_gateway_id": "",
                "gateway_id": "igw-0ba9911cf4b504d14",
                "ipv6_cidr_block": "",
                "local_gateway_id": "",
                "nat_gateway_id": "",
                "network_interface_id": "",
                "transit_gateway_id": "",
                "vpc_endpoint_id": "",
                "vpc_peering_connection_id": ""
              }
            ],
            "tags": {
              "Name": "iot-sensor-project-public-rt",
              "Project": "iot-sensor-project"
            },
            "tags_all": {
              "Name": "iot-sensor-project-public-rt",
              "Project": "iot-sensor-project"
            },
            "timeouts": null,
            "vpc_id": "vpc-0f3ec255af3eb6a65"
          },
          "sensitive_attributes": [],
          "identity_schema_version": 0,
          "private": "eyJlMmJmYjczMC1lY2FhLTExZTYtOGY4OC0zNDM2M2JjN2M0YzAiOnsiY3JlYXRlIjozMDAwMDAwMDAwMDAsImRlbGV0ZSI6MzAwMDAwMDAwMDAwLCJ1cGRhdGUiOjEyMDAwMDAwMDAwMH19",
          "dependencies": [
            "aws_internet_gateway.igw",
            "aws_vpc.main"
          ]
        }
      ]
    },
    {
      "mode": "managed",
      "type": "aws_route_table_association",
      "name": "public",
      "provider": "provider[\"registry.terraform.io/hashicorp/aws\"]",
      "instances": [
        {
          "schema_version": 0,
          "attributes": {
            "gateway_id": "",
            "id": "rtbassoc-0b3b7cc4ce8e1a3eb",
            "route_table_id": "rtb-0b9f7ae276124ad33",
            "subnet_id": "subnet-06cf2c6d3e30ba288",
            "timeouts": null
          },
          "sensitive_attributes": [],
          "identity_schema_version": 0,
          "private": "eyJlMmJmYjczMC1lY2FhLTExZTYtOGY4OC0zNDM2M2JjN2M0YzAiOnsiY3JlYXRlIjozMDAwMDAwMDAwMDAsImRlbGV0ZSI6MzAwMDAwMDAwMDAwLCJ1cGRhdGUiOjEyMDAwMDAwMDAwMH19",
          "dependencies": [
            "aws_internet_gateway.igw",
            "aws_route_table.public",
            "aws_subnet.public",
            "aws_vpc.main"
          ]
        }
      ]
    },
    {
      "mode": "managed",
      "type": "aws_s3_bucket",
      "name": "web_dashboard",
      "provider": "provider[\"registry.terraform.io/hashicorp/aws\"]",
      "instances": [
        {
          "schema_version": 0,
          "attributes": {
            "acceleration_status": "",
            "acl": null,
            "arn": "arn:aws:s3:::iot-sensor-project-web-dashboard-0510179f",
            "bucket": "iot-sensor-project-web-dashboard-0510179f",
            "bucket_domain_name": "iot-sensor-project-web-dashboard-0510179f.s3.amazonaws.com",
            "bucket_prefix": "",
            "bucket_regional_domain_name": "iot-sensor-project-web-dashboard-0510179f.s3.us-east-1.amazonaws.com",
            "cors_rule": [],
            "force_destroy": false,
            "grant": [
              {
                "id": "18fd212b4d69bc897998ba225d39602f6500c1e6959933ba799fd51196e2aba3",
                "permissions": [
                  "FULL_CONTROL"
                ],
                "type": "CanonicalUser",
                "uri": ""
              }
            ],
            "hosted_zone_id": "Z3AQBSTGFYJSTF",
            "id": "iot-sensor-project-web-dashboard-0510179f",
            "lifecycle_rule": [],
            "logging": [],
            "object_lock_configuration": [],
            "object_lock_enabled": false,
            "policy": "",
            "region": "us-east-1",
            "replication_configuration": [],
            "request_payer": "BucketOwner",
            "server_side_encryption_configuration": [
              {
                "rule": [
                  {
                    "apply_server_side_encryption_by_default": [
                      {
                        "kms_master_key_id": "",
                        "sse_algorithm": "AES256"
                      }
                    ],
                    "bucket_key_enabled": false
                  }
                ]
              }
            ],
            "tags": {
              "Name": "iot-sensor-project-web-dashboard",
              "Project": "iot-sensor-project"
            },
            "tags_all": {
              "Name": "iot-sensor-project-web-dashboard",
              "Project": "iot-sensor-project"
            },
            "timeouts": null,
            "versioning": [
              {
                "enabled": false,
                "mfa_delete": false
              }
            ],
            "website": [],
            "website_domain": null,
            "website_endpoint": null
          },
          "sensitive_attributes": [],
          "identity_schema_version": 0,
          "private": "eyJlMmJmYjczMC1lY2FhLTExZTYtOGY4OC0zNDM2M2JjN2M0YzAiOnsiY3JlYXRlIjoxMjAwMDAwMDAwMDAwLCJkZWxldGUiOjM2MDAwMDAwMDAwMDAsInJlYWQiOjEyMDAwMDAwMDAwMDAsInVwZGF0ZSI6MTIwMDAwMDAwMDAwMH19",
          "dependencies": [
            "random_id.suffix"
          ],
          "create_before_destroy": true
        }
      ]
    },
    {
      "mode": "managed",
      "type": "aws_s3_bucket_policy",
      "name": "web_dashboard_public",
      "provider": "provider[\"registry.terraform.io/hashicorp/aws\"]",
      "instances": [
        {
          "schema_version": 0,
          "attributes": {
            "bucket": "iot-sensor-project-web-dashboard-0510179f",
            "id": "iot-sensor-project-web-dashboard-0510179f",
            "policy": "{\"Statement\":[{\"Action\":\"s3:GetObject\",\"Effect\":\"Allow\",\"Principal\":\"*\",\"Resource\":\"arn:aws:s3:::iot-sensor-project-web-dashboard-0510179f/*\",\"Sid\":\"PublicReadGetObject\"}],\"Version\":\"2012-10-17\"}"
          },
          "sensitive_attributes": [],
          "identity_schema_version": 0,
          "private": "bnVsbA==",
          "dependencies": [
            "aws_s3_bucket.web_dashboard",
            "aws_s3_bucket_public_access_block.web_dashboard",
            "random_id.suffix"
          ]
        }
      ]
    },
    {
      "mode": "managed",
      "type": "aws_s3_bucket_public_access_block",
      "name": "web_dashboard",
      "provider": "provider[\"registry.terraform.io/hashicorp/aws\"]",
      "instances": [
        {
          "schema_version": 0,
          "attributes": {
            "block_public_acls": false,
            "block_public_policy": false,
            "bucket": "iot-sensor-project-web-dashboard-0510179f",
            "id": "iot-sensor-project-web-dashboard-0510179f",
            "ignore_public_acls": false,
            "restrict_public_buckets": false
          },
          "sensitive_attributes": [],
          "identity_schema_version": 0,
          "private": "bnVsbA==",
          "dependencies": [
            "aws_s3_bucket.web_dashboard",
            "random_id.suffix"
          ]
        }
      ]
    },
    {
      "mode": "managed",
      "type": "aws_s3_bucket_website_configuration",
      "name": "web_dashboard",
      "provider": "provider[\"registry.terraform.io/hashicorp/aws\"]",
      "instances": [
        {
          "schema_version": 0,
          "attributes": {
            "bucket": "iot-sensor-project-web-dashboard-0510179f",
            "error_document": [
              {
                "key": "error.html"
              }
            ],
            "expected_bucket_owner": "",
            "id": "iot-sensor-project-web-dashboard-0510179f",
            "index_document": [
              {
                "suffix": "index.html"
              }
            ],
            "redirect_all_requests_to": [],
            "routing_rule": [],
            "routing_rules": "",
            "website_domain": "s3-website-us-east-1.amazonaws.com",
            "website_endpoint": "iot-sensor-project-web-dashboard-0510179f.s3-website-us-east-1.amazonaws.com"
          },
          "sensitive_attributes": [],
          "identity_schema_version": 0,
          "private": "bnVsbA==",
          "dependencies": [
            "aws_s3_bucket.web_dashboard",
            "random_id.suffix"
          ]
        }
      ]
    },
    {
      "mode": "managed",
      "type": "aws_s3_object",
      "name": "index_html",
      "provider": "provider[\"registry.terraform.io/hashicorp/aws\"]",
      "instances": [
        {
          "schema_version": 0,
          "attributes": {
            "acl": null,
            "arn": "arn:aws:s3:::iot-sensor-project-web-dashboard-0510179f/index.html",
            "bucket": "iot-sensor-project-web-dashboard-0510179f",
            "bucket_key_enabled": false,
            "cache_control": "",
            "checksum_algorithm": null,
            "checksum_crc32": "",
            "checksum_crc32c": "",
            "checksum_crc64nvme": "",
            "checksum_sha1": "",
            "checksum_sha256": "",
            "content": "\u003c!DOCTYPE html\u003e\n\u003chtml lang=\"es\"\u003e\n\u003chead\u003e\n  \u003cmeta charset=\"UTF-8\"\u003e\n  \u003cmeta name=\"viewport\" content=\"width=device-width, initial-scale=1.0\"\u003e\n  \u003ctitle\u003eDashboard Sensores IoT\u003c/title\u003e\n  \u003cstyle\u003e\n    body { font-family: Arial, sans-serif; background: #1a1a2e; color: #eee; margin: 0; padding: 20px; }\n    h1 { color: #e94560; text-align: center; }\n    .card { background: #16213e; border-radius: 8px; padding: 20px; margin: 10px; display: inline-block; min-width: 200px; }\n    .value { font-size: 2em; color: #0f3460; color: #e94560; font-weight: bold; }\n    #data-container { text-align: center; }\n  \u003c/style\u003e\n\u003c/head\u003e\n\u003cbody\u003e\n  \u003ch1\u003e📡 Dashboard IoT - Sensores Raspberry Pi\u003c/h1\u003e\n  \u003cdiv id=\"data-container\"\u003e\n    \u003cdiv class=\"card\"\u003e\n      \u003cp\u003eTemperatura\u003c/p\u003e\n      \u003cdiv class=\"value\" id=\"temp\"\u003e-- °C\u003c/div\u003e\n    \u003c/div\u003e\n    \u003cdiv class=\"card\"\u003e\n      \u003cp\u003eHumedad\u003c/p\u003e\n      \u003cdiv class=\"value\" id=\"hum\"\u003e-- %\u003c/div\u003e\n    \u003c/div\u003e\n    \u003cdiv class=\"card\"\u003e\n      \u003cp\u003eÚltimo update\u003c/p\u003e\n      \u003cdiv class=\"value\" id=\"ts\" style=\"font-size:0.9em\"\u003e--\u003c/div\u003e\n    \u003c/div\u003e\n  \u003c/div\u003e\n  \u003cscript\u003e\n    // Actualizar con datos del API Gateway\n    async function fetchData() {\n      try {\n        const res = await fetch('/sensor-data'); // Sustituir por URL del API Gateway\n        const data = await res.json();\n        if (data.Items \u0026\u0026 data.Items.length \u003e 0) {\n          const latest = data.Items[data.Items.length - 1];\n          document.getElementById('temp').textContent = latest.temperature + ' °C';\n          document.getElementById('hum').textContent = latest.humidity + ' %';\n          document.getElementById('ts').textContent = latest.timestamp;\n        }\n      } catch(e) { console.error(e); }\n    }\n    fetchData();\n    setInterval(fetchData, 30000);\n  \u003c/script\u003e\n\u003c/body\u003e\n\u003c/html\u003e\n",
            "content_base64": null,
            "content_disposition": "",
            "content_encoding": "",
            "content_language": "",
            "content_type": "text/html",
            "etag": "49fac7c92855971d4fa7630d08cde849",
            "force_destroy": false,
            "id": "index.html",
            "key": "index.html",
            "kms_key_id": null,
            "metadata": null,
            "object_lock_legal_hold_status": "",
            "object_lock_mode": "",
            "object_lock_retain_until_date": "",
            "override_provider": [],
            "server_side_encryption": "AES256",
            "source": null,
            "source_hash": null,
            "storage_class": "STANDARD",
            "tags": null,
            "tags_all": {},
            "version_id": "",
            "website_redirect": ""
          },
          "sensitive_attributes": [],
          "identity_schema_version": 0,
          "private": "bnVsbA==",
          "dependencies": [
            "aws_s3_bucket.web_dashboard",
            "random_id.suffix"
          ]
        }
      ]
    },
    {
      "mode": "managed",
      "type": "aws_security_group",
      "name": "ec2_sg",
      "provider": "provider[\"registry.terraform.io/hashicorp/aws\"]",
      "instances": [
        {
          "schema_version": 1,
          "attributes": {
            "arn": "arn:aws:ec2:us-east-1:471112951024:security-group/sg-05ef58a68ef239efe",
            "description": "SG para la EC2 que recibe datos de la Raspberry Pi por VPN",
            "egress": [
              {
                "cidr_blocks": [
                  "0.0.0.0/0"
                ],
                "description": "",
                "from_port": 0,
                "ipv6_cidr_blocks": [],
                "prefix_list_ids": [],
                "protocol": "-1",
                "security_groups": [],
                "self": false,
                "to_port": 0
              }
            ],
            "id": "sg-05ef58a68ef239efe",
            "ingress": [
              {
                "cidr_blocks": [
                  "0.0.0.0/0"
                ],
                "description": "SSH",
                "from_port": 22,
                "ipv6_cidr_blocks": [],
                "prefix_list_ids": [],
                "protocol": "tcp",
                "security_groups": [],
                "self": false,
                "to_port": 22
              },
              {
                "cidr_blocks": [
                  "192.168.1.0/24"
                ],
                "description": "MQTT",
                "from_port": 1883,
                "ipv6_cidr_blocks": [],
                "prefix_list_ids": [],
                "protocol": "tcp",
                "security_groups": [],
                "self": false,
                "to_port": 1883
              },
              {
                "cidr_blocks": [
                  "192.168.1.0/24"
                ],
                "description": "Sensor data from Raspberry Pi via VPN",
                "from_port": 8883,
                "ipv6_cidr_blocks": [],
                "prefix_list_ids": [],
                "protocol": "tcp",
                "security_groups": [],
                "self": false,
                "to_port": 8883
              }
            ],
            "name": "iot-sensor-project-ec2-sg",
            "name_prefix": "",
            "owner_id": "471112951024",
            "revoke_rules_on_delete": false,
            "tags": {
              "Name": "iot-sensor-project-ec2-sg",
              "Project": "iot-sensor-project"
            },
            "tags_all": {
              "Name": "iot-sensor-project-ec2-sg",
              "Project": "iot-sensor-project"
            },
            "timeouts": null,
            "vpc_id": "vpc-0f3ec255af3eb6a65"
          },
          "sensitive_attributes": [],
          "identity_schema_version": 0,
          "private": "eyJlMmJmYjczMC1lY2FhLTExZTYtOGY4OC0zNDM2M2JjN2M0YzAiOnsiY3JlYXRlIjo2MDAwMDAwMDAwMDAsImRlbGV0ZSI6OTAwMDAwMDAwMDAwfSwic2NoZW1hX3ZlcnNpb24iOiIxIn0=",
          "dependencies": [
            "aws_vpc.main"
          ]
        }
      ]
    },
    {
      "mode": "managed",
      "type": "aws_subnet",
      "name": "private",
      "provider": "provider[\"registry.terraform.io/hashicorp/aws\"]",
      "instances": [
        {
          "schema_version": 1,
          "attributes": {
            "arn": "arn:aws:ec2:us-east-1:471112951024:subnet/subnet-0815454ccf74af3c4",
            "assign_ipv6_address_on_creation": false,
            "availability_zone": "us-east-1a",
            "availability_zone_id": "use1-az4",
            "cidr_block": "10.0.2.0/24",
            "customer_owned_ipv4_pool": "",
            "enable_dns64": false,
            "enable_lni_at_device_index": 0,
            "enable_resource_name_dns_a_record_on_launch": false,
            "enable_resource_name_dns_aaaa_record_on_launch": false,
            "id": "subnet-0815454ccf74af3c4",
            "ipv6_cidr_block": "",
            "ipv6_cidr_block_association_id": "",
            "ipv6_native": false,
            "map_customer_owned_ip_on_launch": false,
            "map_public_ip_on_launch": false,
            "outpost_arn": "",
            "owner_id": "471112951024",
            "private_dns_hostname_type_on_launch": "ip-name",
            "tags": {
              "Name": "iot-sensor-project-private-subnet",
              "Project": "iot-sensor-project"
            },
            "tags_all": {
              "Name": "iot-sensor-project-private-subnet",
              "Project": "iot-sensor-project"
            },
            "timeouts": null,
            "vpc_id": "vpc-0f3ec255af3eb6a65"
          },
          "sensitive_attributes": [],
          "identity_schema_version": 0,
          "private": "eyJlMmJmYjczMC1lY2FhLTExZTYtOGY4OC0zNDM2M2JjN2M0YzAiOnsiY3JlYXRlIjo2MDAwMDAwMDAwMDAsImRlbGV0ZSI6MTIwMDAwMDAwMDAwMH0sInNjaGVtYV92ZXJzaW9uIjoiMSJ9",
          "dependencies": [
            "aws_vpc.main"
          ]
        }
      ]
    },
    {
      "mode": "managed",
      "type": "aws_subnet",
      "name": "public",
      "provider": "provider[\"registry.terraform.io/hashicorp/aws\"]",
      "instances": [
        {
          "schema_version": 1,
          "attributes": {
            "arn": "arn:aws:ec2:us-east-1:471112951024:subnet/subnet-06cf2c6d3e30ba288",
            "assign_ipv6_address_on_creation": false,
            "availability_zone": "us-east-1a",
            "availability_zone_id": "use1-az4",
            "cidr_block": "10.0.1.0/24",
            "customer_owned_ipv4_pool": "",
            "enable_dns64": false,
            "enable_lni_at_device_index": 0,
            "enable_resource_name_dns_a_record_on_launch": false,
            "enable_resource_name_dns_aaaa_record_on_launch": false,
            "id": "subnet-06cf2c6d3e30ba288",
            "ipv6_cidr_block": "",
            "ipv6_cidr_block_association_id": "",
            "ipv6_native": false,
            "map_customer_owned_ip_on_launch": false,
            "map_public_ip_on_launch": true,
            "outpost_arn": "",
            "owner_id": "471112951024",
            "private_dns_hostname_type_on_launch": "ip-name",
            "tags": {
              "Name": "iot-sensor-project-public-subnet",
              "Project": "iot-sensor-project"
            },
            "tags_all": {
              "Name": "iot-sensor-project-public-subnet",
              "Project": "iot-sensor-project"
            },
            "timeouts": null,
            "vpc_id": "vpc-0f3ec255af3eb6a65"
          },
          "sensitive_attributes": [],
          "identity_schema_version": 0,
          "private": "eyJlMmJmYjczMC1lY2FhLTExZTYtOGY4OC0zNDM2M2JjN2M0YzAiOnsiY3JlYXRlIjo2MDAwMDAwMDAwMDAsImRlbGV0ZSI6MTIwMDAwMDAwMDAwMH0sInNjaGVtYV92ZXJzaW9uIjoiMSJ9",
          "dependencies": [
            "aws_vpc.main"
          ]
        }
      ]
    },
    {
      "mode": "managed",
      "type": "aws_vpc",
      "name": "main",
      "provider": "provider[\"registry.terraform.io/hashicorp/aws\"]",
      "instances": [
        {
          "schema_version": 1,
          "attributes": {
            "arn": "arn:aws:ec2:us-east-1:471112951024:vpc/vpc-0f3ec255af3eb6a65",
            "assign_generated_ipv6_cidr_block": false,
            "cidr_block": "10.0.0.0/16",
            "default_network_acl_id": "acl-02ac7aefef1b5b0e8",
            "default_route_table_id": "rtb-07b4d00ebf29b3a6e",
            "default_security_group_id": "sg-05e4e2456c3e07bfa",
            "dhcp_options_id": "dopt-0ee5375a6239ac848",
            "enable_dns_hostnames": true,
            "enable_dns_support": true,
            "enable_network_address_usage_metrics": false,
            "id": "vpc-0f3ec255af3eb6a65",
            "instance_tenancy": "default",
            "ipv4_ipam_pool_id": null,
            "ipv4_netmask_length": null,
            "ipv6_association_id": "",
            "ipv6_cidr_block": "",
            "ipv6_cidr_block_network_border_group": "",
            "ipv6_ipam_pool_id": "",
            "ipv6_netmask_length": 0,
            "main_route_table_id": "rtb-07b4d00ebf29b3a6e",
            "owner_id": "471112951024",
            "tags": {
              "Name": "iot-sensor-project-vpc",
              "Project": "iot-sensor-project"
            },
            "tags_all": {
              "Name": "iot-sensor-project-vpc",
              "Project": "iot-sensor-project"
            }
          },
          "sensitive_attributes": [],
          "identity_schema_version": 0,
          "private": "eyJzY2hlbWFfdmVyc2lvbiI6IjEifQ=="
        }
      ]
    },
    {
      "mode": "managed",
      "type": "aws_vpn_connection",
      "name": "raspberry_vpn",
      "provider": "provider[\"registry.terraform.io/hashicorp/aws\"]",
      "instances": [
        {
          "schema_version": 0,
          "attributes": {
            "arn": "arn:aws:ec2:us-east-1:471112951024:vpn-connection/vpn-021425dec599bae99",
            "core_network_arn": "",
            "core_network_attachment_arn": "",
            "customer_gateway_configuration": "\u003c?xml version=\"1.0\" encoding=\"UTF-8\"?\u003e\n\u003cvpn_connection id=\"vpn-021425dec599bae99\"\u003e\n  \u003ccustomer_gateway_id\u003ecgw-0ad8bd613f973c623\u003c/customer_gateway_id\u003e\n  \u003cvpn_gateway_id\u003evgw-07075e162e2a0a9fd\u003c/vpn_gateway_id\u003e\n  \u003cvpn_connection_type\u003eipsec.1\u003c/vpn_connection_type\u003e\n  \u003cvpn_connection_attributes\u003eNoBGPVPNConnection\u003c/vpn_connection_attributes\u003e\n  \u003cipsec_tunnel\u003e\n    \u003ccustomer_gateway\u003e\n      \u003ctunnel_outside_address\u003e\n        \u003cip_address\u003e86.127.230.196\u003c/ip_address\u003e\n      \u003c/tunnel_outside_address\u003e\n      \u003ctunnel_inside_address\u003e\n        \u003cip_address\u003e169.254.106.98\u003c/ip_address\u003e\n        \u003cnetwork_mask\u003e255.255.255.252\u003c/network_mask\u003e\n        \u003cnetwork_cidr\u003e30\u003c/network_cidr\u003e\n      \u003c/tunnel_inside_address\u003e\n    \u003c/customer_gateway\u003e\n    \u003cvpn_gateway\u003e\n      \u003ctunnel_outside_address\u003e\n        \u003cip_address\u003e52.73.195.98\u003c/ip_address\u003e\n      \u003c/tunnel_outside_address\u003e\n      \u003ctunnel_inside_address\u003e\n        \u003cip_address\u003e169.254.106.97\u003c/ip_address\u003e\n        \u003cnetwork_mask\u003e255.255.255.252\u003c/network_mask\u003e\n        \u003cnetwork_cidr\u003e30\u003c/network_cidr\u003e\n      \u003c/tunnel_inside_address\u003e\n    \u003c/vpn_gateway\u003e\n    \u003cike\u003e\n      \u003cauthentication_protocol\u003esha1\u003c/authentication_protocol\u003e\n      \u003cencryption_protocol\u003eaes-128-cbc\u003c/encryption_protocol\u003e\n      \u003clifetime\u003e28800\u003c/lifetime\u003e\n      \u003cperfect_forward_secrecy\u003egroup2\u003c/perfect_forward_secrecy\u003e\n      \u003cmode\u003emain\u003c/mode\u003e\n      \u003cpre_shared_key\u003e9cEGeII0ozpbv6_9igrb4zE0FycVlpsR\u003c/pre_shared_key\u003e\n    \u003c/ike\u003e\n    \u003cipsec\u003e\n      \u003cprotocol\u003eesp\u003c/protocol\u003e\n      \u003cauthentication_protocol\u003ehmac-sha1-96\u003c/authentication_protocol\u003e\n      \u003cencryption_protocol\u003eaes-128-cbc\u003c/encryption_protocol\u003e\n      \u003clifetime\u003e3600\u003c/lifetime\u003e\n      \u003cperfect_forward_secrecy\u003egroup2\u003c/perfect_forward_secrecy\u003e\n      \u003cmode\u003etunnel\u003c/mode\u003e\n      \u003cclear_df_bit\u003etrue\u003c/clear_df_bit\u003e\n      \u003cfragmentation_before_encryption\u003etrue\u003c/fragmentation_before_encryption\u003e\n      \u003ctcp_mss_adjustment\u003e1379\u003c/tcp_mss_adjustment\u003e\n      \u003cdead_peer_detection\u003e\n        \u003cinterval\u003e10\u003c/interval\u003e\n        \u003cretries\u003e3\u003c/retries\u003e\n      \u003c/dead_peer_detection\u003e\n    \u003c/ipsec\u003e\n  \u003c/ipsec_tunnel\u003e\n  \u003cipsec_tunnel\u003e\n    \u003ccustomer_gateway\u003e\n      \u003ctunnel_outside_address\u003e\n        \u003cip_address\u003e86.127.230.196\u003c/ip_address\u003e\n      \u003c/tunnel_outside_address\u003e\n      \u003ctunnel_inside_address\u003e\n        \u003cip_address\u003e169.254.107.194\u003c/ip_address\u003e\n        \u003cnetwork_mask\u003e255.255.255.252\u003c/network_mask\u003e\n        \u003cnetwork_cidr\u003e30\u003c/network_cidr\u003e\n      \u003c/tunnel_inside_address\u003e\n    \u003c/customer_gateway\u003e\n    \u003cvpn_gateway\u003e\n      \u003ctunnel_outside_address\u003e\n        \u003cip_address\u003e98.91.101.18\u003c/ip_address\u003e\n      \u003c/tunnel_outside_address\u003e\n      \u003ctunnel_inside_address\u003e\n        \u003cip_address\u003e169.254.107.193\u003c/ip_address\u003e\n        \u003cnetwork_mask\u003e255.255.255.252\u003c/network_mask\u003e\n        \u003cnetwork_cidr\u003e30\u003c/network_cidr\u003e\n      \u003c/tunnel_inside_address\u003e\n    \u003c/vpn_gateway\u003e\n    \u003cike\u003e\n      \u003cauthentication_protocol\u003esha1\u003c/authentication_protocol\u003e\n      \u003cencryption_protocol\u003eaes-128-cbc\u003c/encryption_protocol\u003e\n      \u003clifetime\u003e28800\u003c/lifetime\u003e\n      \u003cperfect_forward_secrecy\u003egroup2\u003c/perfect_forward_secrecy\u003e\n      \u003cmode\u003emain\u003c/mode\u003e\n      \u003cpre_shared_key\u003euVM4Xh1e3pxO7uJ0sgxFU5MQ3BrjQ_11\u003c/pre_shared_key\u003e\n    \u003c/ike\u003e\n    \u003cipsec\u003e\n      \u003cprotocol\u003eesp\u003c/protocol\u003e\n      \u003cauthentication_protocol\u003ehmac-sha1-96\u003c/authentication_protocol\u003e\n      \u003cencryption_protocol\u003eaes-128-cbc\u003c/encryption_protocol\u003e\n      \u003clifetime\u003e3600\u003c/lifetime\u003e\n      \u003cperfect_forward_secrecy\u003egroup2\u003c/perfect_forward_secrecy\u003e\n      \u003cmode\u003etunnel\u003c/mode\u003e\n      \u003cclear_df_bit\u003etrue\u003c/clear_df_bit\u003e\n      \u003cfragmentation_before_encryption\u003etrue\u003c/fragmentation_before_encryption\u003e\n      \u003ctcp_mss_adjustment\u003e1379\u003c/tcp_mss_adjustment\u003e\n      \u003cdead_peer_detection\u003e\n        \u003cinterval\u003e10\u003c/interval\u003e\n        \u003cretries\u003e3\u003c/retries\u003e\n      \u003c/dead_peer_detection\u003e\n    \u003c/ipsec\u003e\n  \u003c/ipsec_tunnel\u003e\n\u003c/vpn_connection\u003e\n",
            "customer_gateway_id": "cgw-0ad8bd613f973c623",
            "enable_acceleration": false,
            "id": "vpn-021425dec599bae99",
            "local_ipv4_network_cidr": "0.0.0.0/0",
            "local_ipv6_network_cidr": "",
            "outside_ip_address_type": "PublicIpv4",
            "preshared_key_arn": "",
            "preshared_key_storage": "Standard",
            "remote_ipv4_network_cidr": "0.0.0.0/0",
            "remote_ipv6_network_cidr": "",
            "routes": [],
            "static_routes_only": true,
            "tags": {
              "Name": "iot-sensor-project-vpn-connection",
              "Project": "iot-sensor-project"
            },
            "tags_all": {
              "Name": "iot-sensor-project-vpn-connection",
              "Project": "iot-sensor-project"
            },
            "transit_gateway_attachment_id": "",
            "transit_gateway_id": "",
            "transport_transit_gateway_attachment_id": "",
            "tunnel1_address": "52.73.195.98",
            "tunnel1_bgp_asn": "",
            "tunnel1_bgp_holdtime": 0,
            "tunnel1_cgw_inside_address": "169.254.106.98",
            "tunnel1_dpd_timeout_action": "",
            "tunnel1_dpd_timeout_seconds": 0,
            "tunnel1_enable_tunnel_lifecycle_control": false,
            "tunnel1_ike_versions": null,
            "tunnel1_inside_cidr": "169.254.106.96/30",
            "tunnel1_inside_ipv6_cidr": "",
            "tunnel1_log_options": [
              {
                "cloudwatch_log_options": [
                  {
                    "log_enabled": false,
                    "log_group_arn": "",
                    "log_output_format": ""
                  }
                ]
              }
            ],
            "tunnel1_phase1_dh_group_numbers": null,
            "tunnel1_phase1_encryption_algorithms": null,
            "tunnel1_phase1_integrity_algorithms": null,
            "tunnel1_phase1_lifetime_seconds": 0,
            "tunnel1_phase2_dh_group_numbers": null,
            "tunnel1_phase2_encryption_algorithms": null,
            "tunnel1_phase2_integrity_algorithms": null,
            "tunnel1_phase2_lifetime_seconds": 0,
            "tunnel1_preshared_key": "9cEGeII0ozpbv6_9igrb4zE0FycVlpsR",
            "tunnel1_rekey_fuzz_percentage": 0,
            "tunnel1_rekey_margin_time_seconds": 0,
            "tunnel1_replay_window_size": 0,
            "tunnel1_startup_action": "",
            "tunnel1_vgw_inside_address": "169.254.106.97",
            "tunnel2_address": "98.91.101.18",
            "tunnel2_bgp_asn": "",
            "tunnel2_bgp_holdtime": 0,
            "tunnel2_cgw_inside_address": "169.254.107.194",
            "tunnel2_dpd_timeout_action": "",
            "tunnel2_dpd_timeout_seconds": 0,
            "tunnel2_enable_tunnel_lifecycle_control": false,
            "tunnel2_ike_versions": null,
            "tunnel2_inside_cidr": "169.254.107.192/30",
            "tunnel2_inside_ipv6_cidr": "",
            "tunnel2_log_options": [
              {
                "cloudwatch_log_options": [
                  {
                    "log_enabled": false,
                    "log_group_arn": "",
                    "log_output_format": ""
                  }
                ]
              }
            ],
            "tunnel2_phase1_dh_group_numbers": null,
            "tunnel2_phase1_encryption_algorithms": null,
            "tunnel2_phase1_integrity_algorithms": null,
            "tunnel2_phase1_lifetime_seconds": 0,
            "tunnel2_phase2_dh_group_numbers": null,
            "tunnel2_phase2_encryption_algorithms": null,
            "tunnel2_phase2_integrity_algorithms": null,
            "tunnel2_phase2_lifetime_seconds": 0,
            "tunnel2_preshared_key": "uVM4Xh1e3pxO7uJ0sgxFU5MQ3BrjQ_11",
            "tunnel2_rekey_fuzz_percentage": 0,
            "tunnel2_rekey_margin_time_seconds": 0,
            "tunnel2_replay_window_size": 0,
            "tunnel2_startup_action": "",
            "tunnel2_vgw_inside_address": "169.254.107.193",
            "tunnel_inside_ip_version": "ipv4",
            "type": "ipsec.1",
            "vgw_telemetry": [
              {
                "accepted_route_count": 0,
                "certificate_arn": "",
                "last_status_change": "2026-03-09T01:57:58Z",
                "outside_ip_address": "98.91.101.18",
                "status": "DOWN",
                "status_message": ""
              },
              {
                "accepted_route_count": 0,
                "certificate_arn": "",
                "last_status_change": "2026-03-09T01:58:03Z",
                "outside_ip_address": "52.73.195.98",
                "status": "DOWN",
                "status_message": ""
              }
            ],
            "vpn_gateway_id": "vgw-07075e162e2a0a9fd"
          },
          "sensitive_attributes": [
            [
              {
                "type": "get_attr",
                "value": "customer_gateway_configuration"
              }
            ],
            [
              {
                "type": "get_attr",
                "value": "tunnel1_preshared_key"
              }
            ],
            [
              {
                "type": "get_attr",
                "value": "tunnel2_preshared_key"
              }
            ]
          ],
          "identity_schema_version": 0,
          "private": "bnVsbA==",
          "dependencies": [
            "aws_customer_gateway.raspberry_pi",
            "aws_vpc.main",
            "aws_vpn_gateway.vgw"
          ]
        }
      ]
    },
    {
      "mode": "managed",
      "type": "aws_vpn_connection_route",
      "name": "raspberry_subnet",
      "provider": "provider[\"registry.terraform.io/hashicorp/aws\"]",
      "instances": [
        {
          "schema_version": 0,
          "attributes": {
            "destination_cidr_block": "192.168.1.0/24",
            "id": "192.168.1.0/24:vpn-021425dec599bae99",
            "vpn_connection_id": "vpn-021425dec599bae99"
          },
          "sensitive_attributes": [],
          "identity_schema_version": 0,
          "private": "bnVsbA==",
          "dependencies": [
            "aws_customer_gateway.raspberry_pi",
            "aws_vpc.main",
            "aws_vpn_connection.raspberry_vpn",
            "aws_vpn_gateway.vgw"
          ]
        }
      ]
    },
    {
      "mode": "managed",
      "type": "aws_vpn_gateway",
      "name": "vgw",
      "provider": "provider[\"registry.terraform.io/hashicorp/aws\"]",
      "instances": [
        {
          "schema_version": 0,
          "attributes": {
            "amazon_side_asn": "64512",
            "arn": "arn:aws:ec2:us-east-1:471112951024:vpn-gateway/vgw-07075e162e2a0a9fd",
            "availability_zone": null,
            "id": "vgw-07075e162e2a0a9fd",
            "tags": {
              "Name": "iot-sensor-project-vgw",
              "Project": "iot-sensor-project"
            },
            "tags_all": {
              "Name": "iot-sensor-project-vgw",
              "Project": "iot-sensor-project"
            },
            "vpc_id": "vpc-0f3ec255af3eb6a65"
          },
          "sensitive_attributes": [],
          "identity_schema_version": 0,
          "private": "bnVsbA==",
          "dependencies": [
            "aws_vpc.main"
          ]
        }
      ]
    },
    {
      "mode": "managed",
      "type": "aws_vpn_gateway_route_propagation",
      "name": "public",
      "provider": "provider[\"registry.terraform.io/hashicorp/aws\"]",
      "instances": [
        {
          "schema_version": 0,
          "attributes": {
            "id": "vgw-07075e162e2a0a9fd_rtb-0b9f7ae276124ad33",
            "route_table_id": "rtb-0b9f7ae276124ad33",
            "timeouts": null,
            "vpn_gateway_id": "vgw-07075e162e2a0a9fd"
          },
          "sensitive_attributes": [],
          "identity_schema_version": 0,
          "private": "eyJlMmJmYjczMC1lY2FhLTExZTYtOGY4OC0zNDM2M2JjN2M0YzAiOnsiY3JlYXRlIjoxMjAwMDAwMDAwMDAsImRlbGV0ZSI6MTIwMDAwMDAwMDAwfX0=",
          "dependencies": [
            "aws_internet_gateway.igw",
            "aws_route_table.public",
            "aws_vpc.main",
            "aws_vpn_gateway.vgw"
          ]
        }
      ]
    },
    {
      "mode": "managed",
      "type": "random_id",
      "name": "suffix",
      "provider": "provider[\"registry.terraform.io/hashicorp/random\"]",
      "instances": [
        {
          "schema_version": 0,
          "attributes": {
            "b64_std": "BRAXnw==",
            "b64_url": "BRAXnw",
            "byte_length": 4,
            "dec": "84940703",
            "hex": "0510179f",
            "id": "BRAXnw",
            "keepers": null,
            "prefix": null
          },
          "sensitive_attributes": [],
          "identity_schema_version": 0,
          "create_before_destroy": true
        }
      ]
    }
  ],
  "check_results": null
}
